# This file is automatically @generated by Cargo.
# It is not intended for manual editing.
version = 4

[[package]]
name = "isobmff"
version = "0.0.0"
dependencies = [
 "isobmff-boxes",
 "isobmff-core",
 "isobmff-sequence",
 "isobmff-test-support",
]

[[package]]
name = "isobmff-avc"
version = "0.0.0"
dependencies = [
 "isobmff-boxes",
 "isobmff-core",
]

[[package]]
name = "isobmff-boxes"
version = "0.0.0"
dependencies = [
 "isobmff-core",
]

[[package]]
name = "isobmff-core"
version = "0.0.0"

[[package]]
name = "isobmff-mp4"
version = "0.0.0"
dependencies = [
 "isobmff-boxes",
 "isobmff-core",
]

[[package]]
name = "isobmff-sequence"
version = "0.0.0"
dependencies = [
 "isobmff-boxes",
 "isobmff-core",
 "isobmff-test-support",
]

[[package]]
name = "isobmff-test-support"
version = "0.0.0"
dependencies = [
 "isobmff-boxes",
 "isobmff-core",
 "isobmff-sequence",
]
