# This file is automatically @generated by Cargo.
# It is not intended for manual editing.
version = 4

[[package]]
name = "isobmff-boxes"
version = "0.0.0"
dependencies = [
 "isobmff-core",
]

[[package]]
name = "isobmff-core"
version = "0.0.0"

[[package]]
name = "isobmff-sequence"
version = "0.0.0"
dependencies = [
 "isobmff-core",
]
